
Microsoft Visual Studio Solution File, Format Version 11.00
# Visual Studio 2010
Project("{FAE04EC0-301F-11D3-BF4B-00C04F79EFBC}") = "Core", "Core\Core.csproj", "{1F902AAD-9A34-4530-A3E3-62B0F31A38A5}"
EndProject
Project("{FAE04EC0-301F-11D3-BF4B-00C04F79EFBC}") = "Data", "Data\Data.csproj", "{B40B33E8-B802-4384-8F22-F7670B060566}"
EndProject
Project("{FAE04EC0-301F-11D3-BF4B-00C04F79EFBC}") = "Api.Contracts", "Api.Contracts\Api.Contracts.csproj", "{465D9510-43D7-4C51-8B11-1FB57D6A7C9D}"
EndProject
Project("{FAE04EC0-301F-11D3-BF4B-00C04F79EFBC}") = "Api.Implementations", "Api.Implementations\Api.Implementations.csproj", "{6B511690-28B0-400D-97EA-8EE7B3046F91}"
EndProject
Project("{FAE04EC0-301F-11D3-BF4B-00C04F79EFBC}") = "Api.RestServiceHost", "Api.RestServiceHost\Api.RestServiceHost.csproj", "{B3B49E96-FDE3-457A-899B-144A893442AD}"
EndProject
Project("{FAE04EC0-301F-11D3-BF4B-00C04F79EFBC}") = "Data.Tests", "Data.Tests\Data.Tests.csproj", "{CAFB6F8B-43B7-4EDC-A37B-5EAA8DCD7D9C}"
EndProject
Project("{2150E333-8FDC-42A3-9474-1A3956D46DE8}") = "Solution Items", "Solution Items", "{87B29660-B01A-4229-A4CC-C8CDC34BF124}"
	ProjectSection(SolutionItems) = preProject
		FederatedOauthConsumer.vsmdi = FederatedOauthConsumer.vsmdi
		Local.testsettings = Local.testsettings
		TraceAndTestImpact.testsettings = TraceAndTestImpact.testsettings
	EndProjectSection
EndProject
Project("{FAE04EC0-301F-11D3-BF4B-00C04F79EFBC}") = "Demo", "Demo\Demo.csproj", "{B966A7EC-C51E-434F-814E-BD78FFCF6B62}"
EndProject
Project("{FAE04EC0-301F-11D3-BF4B-00C04F79EFBC}") = "yammerservice", "YammerService\yammerservice.csproj", "{DB45A4A0-3102-4AEC-B4DA-E564976A8D94}"
EndProject
Project("{FAE04EC0-301F-11D3-BF4B-00C04F79EFBC}") = "Api.RestHandlers", "Api.RestHandlers\Api.RestHandlers.csproj", "{3FCFB5FC-6C1B-4F21-9862-CFA2583C5020}"
EndProject
Global
	GlobalSection(TestCaseManagementSettings) = postSolution
		CategoryFile = FederatedOauthConsumer.vsmdi
	EndGlobalSection
	GlobalSection(SolutionConfigurationPlatforms) = preSolution
		Debug|Any CPU = Debug|Any CPU
		Release|Any CPU = Release|Any CPU
	EndGlobalSection
	GlobalSection(ProjectConfigurationPlatforms) = postSolution
		{1F902AAD-9A34-4530-A3E3-62B0F31A38A5}.Debug|Any CPU.ActiveCfg = Debug|Any CPU
		{1F902AAD-9A34-4530-A3E3-62B0F31A38A5}.Debug|Any CPU.Build.0 = Debug|Any CPU
		{1F902AAD-9A34-4530-A3E3-62B0F31A38A5}.Release|Any CPU.ActiveCfg = Release|Any CPU
		{1F902AAD-9A34-4530-A3E3-62B0F31A38A5}.Release|Any CPU.Build.0 = Release|Any CPU
		{B40B33E8-B802-4384-8F22-F7670B060566}.Debug|Any CPU.ActiveCfg = Debug|Any CPU
		{B40B33E8-B802-4384-8F22-F7670B060566}.Debug|Any CPU.Build.0 = Debug|Any CPU
		{B40B33E8-B802-4384-8F22-F7670B060566}.Release|Any CPU.ActiveCfg = Release|Any CPU
		{B40B33E8-B802-4384-8F22-F7670B060566}.Release|Any CPU.Build.0 = Release|Any CPU
		{465D9510-43D7-4C51-8B11-1FB57D6A7C9D}.Debug|Any CPU.ActiveCfg = Debug|Any CPU
		{465D9510-43D7-4C51-8B11-1FB57D6A7C9D}.Debug|Any CPU.Build.0 = Debug|Any CPU
		{465D9510-43D7-4C51-8B11-1FB57D6A7C9D}.Release|Any CPU.ActiveCfg = Release|Any CPU
		{465D9510-43D7-4C51-8B11-1FB57D6A7C9D}.Release|Any CPU.Build.0 = Release|Any CPU
		{6B511690-28B0-400D-97EA-8EE7B3046F91}.Debug|Any CPU.ActiveCfg = Debug|Any CPU
		{6B511690-28B0-400D-97EA-8EE7B3046F91}.Debug|Any CPU.Build.0 = Debug|Any CPU
		{6B511690-28B0-400D-97EA-8EE7B3046F91}.Release|Any CPU.ActiveCfg = Release|Any CPU
		{6B511690-28B0-400D-97EA-8EE7B3046F91}.Release|Any CPU.Build.0 = Release|Any CPU
		{B3B49E96-FDE3-457A-899B-144A893442AD}.Debug|Any CPU.ActiveCfg = Debug|Any CPU
		{B3B49E96-FDE3-457A-899B-144A893442AD}.Debug|Any CPU.Build.0 = Debug|Any CPU
		{B3B49E96-FDE3-457A-899B-144A893442AD}.Release|Any CPU.ActiveCfg = Release|Any CPU
		{B3B49E96-FDE3-457A-899B-144A893442AD}.Release|Any CPU.Build.0 = Release|Any CPU
		{CAFB6F8B-43B7-4EDC-A37B-5EAA8DCD7D9C}.Debug|Any CPU.ActiveCfg = Debug|Any CPU
		{CAFB6F8B-43B7-4EDC-A37B-5EAA8DCD7D9C}.Debug|Any CPU.Build.0 = Debug|Any CPU
		{CAFB6F8B-43B7-4EDC-A37B-5EAA8DCD7D9C}.Release|Any CPU.ActiveCfg = Release|Any CPU
		{CAFB6F8B-43B7-4EDC-A37B-5EAA8DCD7D9C}.Release|Any CPU.Build.0 = Release|Any CPU
		{B966A7EC-C51E-434F-814E-BD78FFCF6B62}.Debug|Any CPU.ActiveCfg = Debug|Any CPU
		{B966A7EC-C51E-434F-814E-BD78FFCF6B62}.Debug|Any CPU.Build.0 = Debug|Any CPU
		{B966A7EC-C51E-434F-814E-BD78FFCF6B62}.Release|Any CPU.ActiveCfg = Release|Any CPU
		{B966A7EC-C51E-434F-814E-BD78FFCF6B62}.Release|Any CPU.Build.0 = Release|Any CPU
		{DB45A4A0-3102-4AEC-B4DA-E564976A8D94}.Debug|Any CPU.ActiveCfg = Debug|Any CPU
		{DB45A4A0-3102-4AEC-B4DA-E564976A8D94}.Debug|Any CPU.Build.0 = Debug|Any CPU
		{DB45A4A0-3102-4AEC-B4DA-E564976A8D94}.Release|Any CPU.ActiveCfg = Release|Any CPU
		{DB45A4A0-3102-4AEC-B4DA-E564976A8D94}.Release|Any CPU.Build.0 = Release|Any CPU
		{3FCFB5FC-6C1B-4F21-9862-CFA2583C5020}.Debug|Any CPU.ActiveCfg = Debug|Any CPU
		{3FCFB5FC-6C1B-4F21-9862-CFA2583C5020}.Debug|Any CPU.Build.0 = Debug|Any CPU
		{3FCFB5FC-6C1B-4F21-9862-CFA2583C5020}.Release|Any CPU.ActiveCfg = Release|Any CPU
		{3FCFB5FC-6C1B-4F21-9862-CFA2583C5020}.Release|Any CPU.Build.0 = Release|Any CPU
	EndGlobalSection
	GlobalSection(SolutionProperties) = preSolution
		HideSolutionNode = FALSE
	EndGlobalSection
EndGlobal
